// !$*UTF8*$!
{
	archiveVersion = 1;
	classes = {
	};
	objectVersion = 46;
	objects = {

/* Begin PBXBuildFile section */
		F4E3945819D1439500B8DF9F /* main.cpp in Sources */ = {isa = PBXBuildFile; fileRef = F4E3945719D1439500B8DF9F /* main.cpp */; };
/* End PBXBuildFile section */

/* Begin PBXCopyFilesBuildPhase section */
		F4E3945219D1439500B8DF9F /* CopyFiles */ = {
			isa = PBXCopyFilesBuildPhase;
			buildActionMask = 2147483647;
			dstPath = /usr/share/man/man1/;
			dstSubfolderSpec = 0;
			files = (
			);
			runOnlyForDeploymentPostprocessing = 1;
		};
/* End PBXCopyFilesBuildPhase section */

/* Begin PBXFileReference section */
		F4E3945419D1439500B8DF9F /* binarySearchArray */ = {isa = PBXFileReference; explicitFileType = "compiled.mach-o.executable"; includeInIndex = 0; path = binarySearchArray; sourceTree = BUILT_PRODUCTS_DIR; };
		F4E3945719D1439500B8DF9F /* main.cpp */ = {isa = PBXFileReference; lastKnownFileType = sourcecode.cpp.cpp; path = main.cpp; sourceTree = "<group>"; };
/* End PBXFileReference section */

/* Begin PBXFrameworksBuildPhase section */
		F4E3945119D1439500B8DF9F /* Frameworks */ = {
			isa = PBXFrameworksBuildPhase;
			buildActionMask = 2147483647;
			files = (
			);
			runOnlyForDeploymentPostprocessing = 0;
		};
/* End PBXFrameworksBuildPhase section */

/* Begin PBXGroup section */
		F4E3944B19D1439500B8DF9F = {
			isa = PBXGroup;
			children = (
				F4E3945619D1439500B8DF9F /* binarySearchArray */,
				F4E3945519D1439500B8DF9F /* Products */,
			);
			sourceTree = "<group>";
		};
		F4E3945519D1439500B8DF9F /* Products */ = {
			isa = PBXGroup;
			children = (
				F4E3945419D1439500B8DF9F /* binarySearchArray */,
			);
			name = Products;
			sourceTree = "<group>";
		};
		F4E3945619D1439500B8DF9F /* binarySearchArray */ = {
			isa = PBXGroup;
			children = (
				F4E3945719D1439500B8DF9F /* main.cpp */,
			);
			path = binarySearchArray;
			sourceTree = "<group>";
		};
/* End PBXGroup section */

/* Begin PBXNativeTarget section */
		F4E3945319D1439500B8DF9F /* binarySearchArray */ = {
			isa = PBXNativeTarget;
			buildConfigurationList = F4E3945B19D1439500B8DF9F /* Build configuration list for PBXNativeTarget "binarySearchArray" */;
			buildPhases = (
				F4E3945019D1439500B8DF9F /* Sources */,
				F4E3945119D1439500B8DF9F /* Frameworks */,
				F4E3945219D1439500B8DF9F /* CopyFiles */,
			);
			buildRules = (
			);
			dependencies = (
			);
			name = binarySearchArray;
			productName = binarySearchArray;
			productReference = F4E3945419D1439500B8DF9F /* binarySearchArray */;
			productType = "com.apple.product-type.tool";
		};
/* End PBXNativeTarget section */

/* Begin PBXProject section */
		F4E3944C19D1439500B8DF9F /* Project object */ = {
			isa = PBXProject;
			attributes = {
				LastUpgradeCheck = 0600;
				ORGANIZATIONNAME = "Jer Cherng Law";
				TargetAttributes = {
					F4E3945319D1439500B8DF9F = {
						CreatedOnToolsVersion = 6.0;
					};
				};
			};
			buildConfigurationList = F4E3944F19D1439500B8DF9F /* Build configuration list for PBXProject "binarySearchArray" */;
			compatibilityVersion = "Xcode 3.2";
			developmentRegion = English;
			hasScannedForEncodings = 0;
			knownRegions = (
				en,
			);
			mainGroup = F4E3944B19D1439500B8DF9F;
			productRefGroup = F4E3945519D1439500B8DF9F /* Products */;
			projectDirPath = "";
			projectRoot = "";
			targets = (
				F4E3945319D1439500B8DF9F /* binarySearchArray */,
			);
		};
/* End PBXProject section */

/* Begin PBXSourcesBuildPhase section */
		F4E3945019D1439500B8DF9F /* Sources */ = {
			isa = PBXSourcesBuildPhase;
			buildActionMask = 2147483647;
			files = (
				F4E3945819D1439500B8DF9F /* main.cpp in Sources */,
			);
			runOnlyForDeploymentPostprocessing = 0;
		};
/* End PBXSourcesBuildPhase section */

/* Begin XCBuildConfiguration section */
		F4E3945919D1439500B8DF9F /* Debug */ = {
			isa = XCBuildConfiguration;
			buildSettings = {
				ALWAYS_SEARCH_USER_PATHS = NO;
				CLANG_CXX_LANGUAGE_STANDARD = "gnu++0x";
				CLANG_CXX_LIBRARY = "libc++";
				CLANG_ENABLE_MODULES = YES;
				CLANG_ENABLE_OBJC_ARC = YES;
				CLANG_WARN_BOOL_CONVERSION = YES;
				CLANG_WARN_CONSTANT_CONVERSION = YES;
				CLANG_WARN_DIRECT_OBJC_ISA_USAGE = YES_ERROR;
				CLANG_WARN_EMPTY_BODY = YES;
				CLANG_WARN_ENUM_CONVERSION = YES;
				CLANG_WARN_INT_CONVERSION = YES;
				CLANG_WARN_OBJC_ROOT_CLASS = YES_ERROR;
				CLANG_WARN_UNREACHABLE_CODE = YES;
				CLANG_WARN__DUPLICATE_METHOD_MATCH = YES;
				COPY_PHASE_STRIP = NO;
				ENABLE_STRICT_OBJC_MSGSEND = YES;
				GCC_C_LANGUAGE_STANDARD = gnu99;
				GCC_DYNAMIC_NO_PIC = NO;
				GCC_OPTIMIZATION_LEVEL = 0;
				GCC_PREPROCESSOR_DEFINITIONS = (
					"DEBUG=1",
					"$(inherited)",
				);
				GCC_SYMBOLS_PRIVATE_EXTERN = NO;
				GCC_WARN_64_TO_32_BIT_CONVERSION = YES;
				GCC_WARN_ABOUT_RETURN_TYPE = YES_ERROR;
				GCC_WARN_UNDECLARED_SELECTOR = YES;
				GCC_WARN_UNINITIALIZED_AUTOS = YES_AGGRESSIVE;
				GCC_WARN_UNUSED_FUNCTION = YES;
				GCC_WARN_UNUSED_VARIABLE = YES;
				MACOSX_DEPLOYMENT_TARGET = 10.9;
				MTL_ENABLE_DEBUG_INFO = YES;
				ONLY_ACTIVE_ARCH = YES;
				SDKROOT = macosx;
			};
			name = Debug;
		};
		F4E3945A19D1439500B8DF9F /* Release */ = {
			isa = XCBuildConfiguration;
			buildSettings = {
				ALWAYS_SEARCH_USER_PATHS = NO;
				CLANG_CXX_LANGUAGE_STANDARD = "gnu++0x";
				CLANG_CXX_LIBRARY = "libc++";
				CLANG_ENABLE_MODULES = YES;
				CLANG_ENABLE_OBJC_ARC = YES;
				CLANG_WARN_BOOL_CONVERSION = YES;
				CLANG_WARN_CONSTANT_CONVERSION = YES;
				CLANG_WARN_DIRECT_OBJC_ISA_USAGE = YES_ERROR;
				CLANG_WARN_EMPTY_BODY = YES;
				CLANG_WARN_ENUM_CONVERSION = YES;
				CLANG_WARN_INT_CONVERSION = YES;
				CLANG_WARN_OBJC_ROOT_CLASS = YES_ERROR;
				CLANG_WARN_UNREACHABLE_CODE = YES;
				CLANG_WARN__DUPLICATE_METHOD_MATCH = YES;
				COPY_PHASE_STRIP = YES;
				DEBUG_INFORMATION_FORMAT = "dwarf-with-dsym";
				ENABLE_NS_ASSERTIONS = NO;
				ENABLE_STRICT_OBJC_MSGSEND = YES;
				GCC_C_LANGUAGE_STANDARD = gnu99;
				GCC_WARN_64_TO_32_BIT_CONVERSION = YES;
				GCC_WARN_ABOUT_RETURN_TYPE = YES_ERROR;
				GCC_WARN_UNDECLARED_SELECTOR = YES;
				GCC_WARN_UNINITIALIZED_AUTOS = YES_AGGRESSIVE;
				GCC_WARN_UNUSED_FUNCTION = YES;
				GCC_WARN_UNUSED_VARIABLE = YES;
				MACOSX_DEPLOYMENT_TARGET = 10.9;
				MTL_ENABLE_DEBUG_INFO = NO;
				SDKROOT = macosx;
			};
			name = Release;
		};
		F4E3945C19D1439500B8DF9F /* Debug */ = {
			isa = XCBuildConfiguration;
			buildSettings = {
				PRODUCT_NAME = "$(TARGET_NAME)";
			};
			name = Debug;
		};
		F4E3945D19D1439500B8DF9F /* Release */ = {
			isa = XCBuildConfiguration;
			buildSettings = {
				PRODUCT_NAME = "$(TARGET_NAME)";
			};
			name = Release;
		};
/* End XCBuildConfiguration section */

/* Begin XCConfigurationList section */
		F4E3944F19D1439500B8DF9F /* Build configuration list for PBXProject "binarySearchArray" */ = {
			isa = XCConfigurationList;
			buildConfigurations = (
				F4E3945919D1439500B8DF9F /* Debug */,
				F4E3945A19D1439500B8DF9F /* Release */,
			);
			defaultConfigurationIsVisible = 0;
			defaultConfigurationName = Release;
		};
		F4E3945B19D1439500B8DF9F /* Build configuration list for PBXNativeTarget "binarySearchArray" */ = {
			isa = XCConfigurationList;
			buildConfigurations = (
				F4E3945C19D1439500B8DF9F /* Debug */,
				F4E3945D19D1439500B8DF9F /* Release */,
			);
			defaultConfigurationIsVisible = 0;
		};
/* End XCConfigurationList section */
	};
	rootObject = F4E3944C19D1439500B8DF9F /* Project object */;
}
