// !$*UTF8*$!
{
	archiveVersion = 1;
	classes = {
	};
	objectVersion = 46;
	objects = {

/* Begin PBXBuildFile section */
		F4E0C3FC19EC670D001F0813 /* main.cpp in Sources */ = {isa = PBXBuildFile; fileRef = F4E0C3FB19EC670D001F0813 /* main.cpp */; };
		F4E0C40D19EC69DF001F0813 /* llist.cpp in Sources */ = {isa = PBXBuildFile; fileRef = F4E0C40919EC69DF001F0813 /* llist.cpp */; };
		F4E0C40E19EC69DF001F0813 /* slist.cpp in Sources */ = {isa = PBXBuildFile; fileRef = F4E0C40B19EC69DF001F0813 /* slist.cpp */; };
/* End PBXBuildFile section */

/* Begin PBXCopyFilesBuildPhase section */
		F4E0C3F619EC670D001F0813 /* CopyFiles */ = {
			isa = PBXCopyFilesBuildPhase;
			buildActionMask = 2147483647;
			dstPath = /usr/share/man/man1/;
			dstSubfolderSpec = 0;
			files = (
			);
			runOnlyForDeploymentPostprocessing = 1;
		};
/* End PBXCopyFilesBuildPhase section */

/* Begin PBXFileReference section */
		F4E0C3F819EC670D001F0813 /* Searchable Linked List */ = {isa = PBXFileReference; explicitFileType = "compiled.mach-o.executable"; includeInIndex = 0; path = "Searchable Linked List"; sourceTree = BUILT_PRODUCTS_DIR; };
		F4E0C3FB19EC670D001F0813 /* main.cpp */ = {isa = PBXFileReference; lastKnownFileType = sourcecode.cpp.cpp; path = main.cpp; sourceTree = "<group>"; };
		F4E0C40919EC69DF001F0813 /* llist.cpp */ = {isa = PBXFileReference; fileEncoding = 4; lastKnownFileType = sourcecode.cpp.cpp; name = llist.cpp; path = "Searchable Linked List/llist.cpp"; sourceTree = "<group>"; };
		F4E0C40A19EC69DF001F0813 /* llist.h */ = {isa = PBXFileReference; fileEncoding = 4; lastKnownFileType = sourcecode.c.h; name = llist.h; path = "Searchable Linked List/llist.h"; sourceTree = "<group>"; };
		F4E0C40B19EC69DF001F0813 /* slist.cpp */ = {isa = PBXFileReference; fileEncoding = 4; lastKnownFileType = sourcecode.cpp.cpp; name = slist.cpp; path = "Searchable Linked List/slist.cpp"; sourceTree = "<group>"; };
		F4E0C40C19EC69DF001F0813 /* slist.h */ = {isa = PBXFileReference; fileEncoding = 4; lastKnownFileType = sourcecode.c.h; name = slist.h; path = "Searchable Linked List/slist.h"; sourceTree = "<group>"; };
/* End PBXFileReference section */

/* Begin PBXFrameworksBuildPhase section */
		F4E0C3F519EC670D001F0813 /* Frameworks */ = {
			isa = PBXFrameworksBuildPhase;
			buildActionMask = 2147483647;
			files = (
			);
			runOnlyForDeploymentPostprocessing = 0;
		};
/* End PBXFrameworksBuildPhase section */

/* Begin PBXGroup section */
		F4E0C3EF19EC670D001F0813 = {
			isa = PBXGroup;
			children = (
				F4E0C40919EC69DF001F0813 /* llist.cpp */,
				F4E0C40A19EC69DF001F0813 /* llist.h */,
				F4E0C40B19EC69DF001F0813 /* slist.cpp */,
				F4E0C40C19EC69DF001F0813 /* slist.h */,
				F4E0C3FA19EC670D001F0813 /* Searchable Linked List */,
				F4E0C3F919EC670D001F0813 /* Products */,
			);
			sourceTree = "<group>";
		};
		F4E0C3F919EC670D001F0813 /* Products */ = {
			isa = PBXGroup;
			children = (
				F4E0C3F819EC670D001F0813 /* Searchable Linked List */,
			);
			name = Products;
			sourceTree = "<group>";
		};
		F4E0C3FA19EC670D001F0813 /* Searchable Linked List */ = {
			isa = PBXGroup;
			children = (
				F4E0C3FB19EC670D001F0813 /* main.cpp */,
			);
			path = "Searchable Linked List";
			sourceTree = "<group>";
		};
/* End PBXGroup section */

/* Begin PBXNativeTarget section */
		F4E0C3F719EC670D001F0813 /* Searchable Linked List */ = {
			isa = PBXNativeTarget;
			buildConfigurationList = F4E0C3FF19EC670D001F0813 /* Build configuration list for PBXNativeTarget "Searchable Linked List" */;
			buildPhases = (
				F4E0C3F419EC670D001F0813 /* Sources */,
				F4E0C3F519EC670D001F0813 /* Frameworks */,
				F4E0C3F619EC670D001F0813 /* CopyFiles */,
			);
			buildRules = (
			);
			dependencies = (
			);
			name = "Searchable Linked List";
			productName = "Searchable Linked List";
			productReference = F4E0C3F819EC670D001F0813 /* Searchable Linked List */;
			productType = "com.apple.product-type.tool";
		};
/* End PBXNativeTarget section */

/* Begin PBXProject section */
		F4E0C3F019EC670D001F0813 /* Project object */ = {
			isa = PBXProject;
			attributes = {
				LastUpgradeCheck = 0600;
				ORGANIZATIONNAME = "Jer Cherng Law";
				TargetAttributes = {
					F4E0C3F719EC670D001F0813 = {
						CreatedOnToolsVersion = 6.0;
					};
				};
			};
			buildConfigurationList = F4E0C3F319EC670D001F0813 /* Build configuration list for PBXProject "Searchable Linked List" */;
			compatibilityVersion = "Xcode 3.2";
			developmentRegion = English;
			hasScannedForEncodings = 0;
			knownRegions = (
				en,
			);
			mainGroup = F4E0C3EF19EC670D001F0813;
			productRefGroup = F4E0C3F919EC670D001F0813 /* Products */;
			projectDirPath = "";
			projectRoot = "";
			targets = (
				F4E0C3F719EC670D001F0813 /* Searchable Linked List */,
			);
		};
/* End PBXProject section */

/* Begin PBXSourcesBuildPhase section */
		F4E0C3F419EC670D001F0813 /* Sources */ = {
			isa = PBXSourcesBuildPhase;
			buildActionMask = 2147483647;
			files = (
				F4E0C40D19EC69DF001F0813 /* llist.cpp in Sources */,
				F4E0C40E19EC69DF001F0813 /* slist.cpp in Sources */,
				F4E0C3FC19EC670D001F0813 /* main.cpp in Sources */,
			);
			runOnlyForDeploymentPostprocessing = 0;
		};
/* End PBXSourcesBuildPhase section */

/* Begin XCBuildConfiguration section */
		F4E0C3FD19EC670D001F0813 /* Debug */ = {
			isa = XCBuildConfiguration;
			buildSettings = {
				ALWAYS_SEARCH_USER_PATHS = NO;
				CLANG_CXX_LANGUAGE_STANDARD = "gnu++0x";
				CLANG_CXX_LIBRARY = "libc++";
				CLANG_ENABLE_MODULES = YES;
				CLANG_ENABLE_OBJC_ARC = YES;
				CLANG_WARN_BOOL_CONVERSION = YES;
				CLANG_WARN_CONSTANT_CONVERSION = YES;
				CLANG_WARN_DIRECT_OBJC_ISA_USAGE = YES_ERROR;
				CLANG_WARN_EMPTY_BODY = YES;
				CLANG_WARN_ENUM_CONVERSION = YES;
				CLANG_WARN_INT_CONVERSION = YES;
				CLANG_WARN_OBJC_ROOT_CLASS = YES_ERROR;
				CLANG_WARN_UNREACHABLE_CODE = YES;
				CLANG_WARN__DUPLICATE_METHOD_MATCH = YES;
				COPY_PHASE_STRIP = NO;
				ENABLE_STRICT_OBJC_MSGSEND = YES;
				GCC_C_LANGUAGE_STANDARD = gnu99;
				GCC_DYNAMIC_NO_PIC = NO;
				GCC_OPTIMIZATION_LEVEL = 0;
				GCC_PREPROCESSOR_DEFINITIONS = (
					"DEBUG=1",
					"$(inherited)",
				);
				GCC_SYMBOLS_PRIVATE_EXTERN = NO;
				GCC_WARN_64_TO_32_BIT_CONVERSION = YES;
				GCC_WARN_ABOUT_RETURN_TYPE = YES_ERROR;
				GCC_WARN_UNDECLARED_SELECTOR = YES;
				GCC_WARN_UNINITIALIZED_AUTOS = YES_AGGRESSIVE;
				GCC_WARN_UNUSED_FUNCTION = YES;
				GCC_WARN_UNUSED_VARIABLE = YES;
				MACOSX_DEPLOYMENT_TARGET = 10.9;
				MTL_ENABLE_DEBUG_INFO = YES;
				ONLY_ACTIVE_ARCH = YES;
				SDKROOT = macosx;
			};
			name = Debug;
		};
		F4E0C3FE19EC670D001F0813 /* Release */ = {
			isa = XCBuildConfiguration;
			buildSettings = {
				ALWAYS_SEARCH_USER_PATHS = NO;
				CLANG_CXX_LANGUAGE_STANDARD = "gnu++0x";
				CLANG_CXX_LIBRARY = "libc++";
				CLANG_ENABLE_MODULES = YES;
				CLANG_ENABLE_OBJC_ARC = YES;
				CLANG_WARN_BOOL_CONVERSION = YES;
				CLANG_WARN_CONSTANT_CONVERSION = YES;
				CLANG_WARN_DIRECT_OBJC_ISA_USAGE = YES_ERROR;
				CLANG_WARN_EMPTY_BODY = YES;
				CLANG_WARN_ENUM_CONVERSION = YES;
				CLANG_WARN_INT_CONVERSION = YES;
				CLANG_WARN_OBJC_ROOT_CLASS = YES_ERROR;
				CLANG_WARN_UNREACHABLE_CODE = YES;
				CLANG_WARN__DUPLICATE_METHOD_MATCH = YES;
				COPY_PHASE_STRIP = YES;
				DEBUG_INFORMATION_FORMAT = "dwarf-with-dsym";
				ENABLE_NS_ASSERTIONS = NO;
				ENABLE_STRICT_OBJC_MSGSEND = YES;
				GCC_C_LANGUAGE_STANDARD = gnu99;
				GCC_WARN_64_TO_32_BIT_CONVERSION = YES;
				GCC_WARN_ABOUT_RETURN_TYPE = YES_ERROR;
				GCC_WARN_UNDECLARED_SELECTOR = YES;
				GCC_WARN_UNINITIALIZED_AUTOS = YES_AGGRESSIVE;
				GCC_WARN_UNUSED_FUNCTION = YES;
				GCC_WARN_UNUSED_VARIABLE = YES;
				MACOSX_DEPLOYMENT_TARGET = 10.9;
				MTL_ENABLE_DEBUG_INFO = NO;
				SDKROOT = macosx;
			};
			name = Release;
		};
		F4E0C40019EC670D001F0813 /* Debug */ = {
			isa = XCBuildConfiguration;
			buildSettings = {
				PRODUCT_NAME = "$(TARGET_NAME)";
			};
			name = Debug;
		};
		F4E0C40119EC670D001F0813 /* Release */ = {
			isa = XCBuildConfiguration;
			buildSettings = {
				PRODUCT_NAME = "$(TARGET_NAME)";
			};
			name = Release;
		};
/* End XCBuildConfiguration section */

/* Begin XCConfigurationList section */
		F4E0C3F319EC670D001F0813 /* Build configuration list for PBXProject "Searchable Linked List" */ = {
			isa = XCConfigurationList;
			buildConfigurations = (
				F4E0C3FD19EC670D001F0813 /* Debug */,
				F4E0C3FE19EC670D001F0813 /* Release */,
			);
			defaultConfigurationIsVisible = 0;
			defaultConfigurationName = Release;
		};
		F4E0C3FF19EC670D001F0813 /* Build configuration list for PBXNativeTarget "Searchable Linked List" */ = {
			isa = XCConfigurationList;
			buildConfigurations = (
				F4E0C40019EC670D001F0813 /* Debug */,
				F4E0C40119EC670D001F0813 /* Release */,
			);
			defaultConfigurationIsVisible = 0;
		};
/* End XCConfigurationList section */
	};
	rootObject = F4E0C3F019EC670D001F0813 /* Project object */;
}
